{
  "lockfile_version": "1",
  "packages": {
    "github:NixOS/nixpkgs/nixpkgs-unstable": {
      "last_modified": "2025-06-10T12:31:18Z",
      "resolved": "github:NixOS/nixpkgs/a12f3a99614894502e73eb816e9e076b0ab05730?lastModified=1749558678&narHash=sha256-DUVAe8E2X2QM0dAnTGlTiqemMqUMMyIeCH7UeNo0g64%3D"
    },
    "go-swag@1.16.4": {
      "last_modified": "2025-05-16T20:19:48Z",
      "resolved": "github:NixOS/nixpkgs/12a55407652e04dcf2309436eb06fef0d3713ef3#go-swag",
      "source": "devbox-search",
      "version": "1.16.4",
      "systems": {
        "aarch64-darwin": {
          "outputs": [
            {
              "name": "out",
              "path": "/nix/store/bz7idqvv4vgjsv7aa5xp6l7kvvwaaam0-go-swag-1.16.4",
              "default": true
            }
          ],
          "store_path": "/nix/store/bz7idqvv4vgjsv7aa5xp6l7kvvwaaam0-go-swag-1.16.4"
        },
        "aarch64-linux": {
          "outputs": [
            {
              "name": "out",
              "path": "/nix/store/dwf8d70aj936v8h8hg4v63lm8s4hyy8g-go-swag-1.16.4",
              "default": true
            }
          ],
          "store_path": "/nix/store/dwf8d70aj936v8h8hg4v63lm8s4hyy8g-go-swag-1.16.4"
        },
        "x86_64-darwin": {
          "outputs": [
            {
              "name": "out",
              "path": "/nix/store/9vkdbivln01n65vdd8j6sv3mj74dhq95-go-swag-1.16.4",
              "default": true
            }
          ],
          "store_path": "/nix/store/9vkdbivln01n65vdd8j6sv3mj74dhq95-go-swag-1.16.4"
        },
        "x86_64-linux": {
          "outputs": [
            {
              "name": "out",
              "path": "/nix/store/vpwn5z0ndyf6l4ssi36m0ah69gdiyvq9-go-swag-1.16.4",
              "default": true
            }
          ],
          "store_path": "/nix/store/vpwn5z0ndyf6l4ssi36m0ah69gdiyvq9-go-swag-1.16.4"
        }
      }
    },
    "go@1.24.3": {
      "last_modified": "2025-05-16T20:19:48Z",
      "resolved": "github:NixOS/nixpkgs/12a55407652e04dcf2309436eb06fef0d3713ef3#go",
      "source": "devbox-search",
      "version": "1.24.3",
      "systems": {
        "aarch64-darwin": {
          "outputs": [
            {
              "name": "out",
              "path": "/nix/store/ps3admpzmc1ryvn9q7sw5xfd94dkrb3f-go-1.24.3",
              "default": true
            }
          ],
          "store_path": "/nix/store/ps3admpzmc1ryvn9q7sw5xfd94dkrb3f-go-1.24.3"
        },
        "aarch64-linux": {
          "outputs": [
            {
              "name": "out",
              "path": "/nix/store/45bnqhyyq40p91k3cjw0farx3hn1swx6-go-1.24.3",
              "default": true
            }
          ],
          "store_path": "/nix/store/45bnqhyyq40p91k3cjw0farx3hn1swx6-go-1.24.3"
        },
        "x86_64-darwin": {
          "outputs": [
            {
              "name": "out",
              "path": "/nix/store/9z2kb6hxij7pqi0fgcn9ijhpb7ajpazs-go-1.24.3",
              "default": true
            }
          ],
          "store_path": "/nix/store/9z2kb6hxij7pqi0fgcn9ijhpb7ajpazs-go-1.24.3"
        },
        "x86_64-linux": {
          "outputs": [
            {
              "name": "out",
              "path": "/nix/store/5xvi25nqmbrg58aixp4zgczilfnp7pwg-go-1.24.3",
              "default": true
            }
          ],
          "store_path": "/nix/store/5xvi25nqmbrg58aixp4zgczilfnp7pwg-go-1.24.3"
        }
      }
    },
    "golangci-lint@2.1.6": {
      "last_modified": "2025-05-16T20:19:48Z",
      "resolved": "github:NixOS/nixpkgs/12a55407652e04dcf2309436eb06fef0d3713ef3#golangci-lint",
      "source": "devbox-search",
      "version": "2.1.6",
      "systems": {
        "aarch64-darwin": {
          "outputs": [
            {
              "name": "out",
              "path": "/nix/store/8d3n5ly5r6prqyx3h5nr2v778hzwp83r-golangci-lint-2.1.6",
              "default": true
            }
          ],
          "store_path": "/nix/store/8d3n5ly5r6prqyx3h5nr2v778hzwp83r-golangci-lint-2.1.6"
        },
        "aarch64-linux": {
          "outputs": [
            {
              "name": "out",
              "path": "/nix/store/sazvkjsaxnpnplrsaj5wf1x9xkgv0s88-golangci-lint-2.1.6",
              "default": true
            }
          ],
          "store_path": "/nix/store/sazvkjsaxnpnplrsaj5wf1x9xkgv0s88-golangci-lint-2.1.6"
        },
        "x86_64-darwin": {
          "outputs": [
            {
              "name": "out",
              "path": "/nix/store/cqfnavdyysfdm9cam8bsyscbsk8zg781-golangci-lint-2.1.6",
              "default": true
            }
          ],
          "store_path": "/nix/store/cqfnavdyysfdm9cam8bsyscbsk8zg781-golangci-lint-2.1.6"
        },
        "x86_64-linux": {
          "outputs": [
            {
              "name": "out",
              "path": "/nix/store/snqg2xccy7fb6q6n2dw3bfql6mqbh6ar-golangci-lint-2.1.6",
              "default": true
            }
          ],
          "store_path": "/nix/store/snqg2xccy7fb6q6n2dw3bfql6mqbh6ar-golangci-lint-2.1.6"
        }
      }
    },
    "gotestsum@1.11.0": {
      "last_modified": "2024-09-10T15:01:03Z",
      "resolved": "github:NixOS/nixpkgs/5ed627539ac84809c78b2dd6d26a5cebeb5ae269#gotestsum",
      "source": "devbox-search",
      "version": "1.11.0",
      "systems": {
        "aarch64-darwin": {
          "outputs": [
            {
              "name": "out",
              "path": "/nix/store/gkq6wldjndpcgg3vx4la6dpp0sgmqm4y-gotestsum-1.11.0",
              "default": true
            }
          ],
          "store_path": "/nix/store/gkq6wldjndpcgg3vx4la6dpp0sgmqm4y-gotestsum-1.11.0"
        },
        "aarch64-linux": {
          "outputs": [
            {
              "name": "out",
              "path": "/nix/store/dqj7agwyi9h11hd3775dnn66lzi5w8x2-gotestsum-1.11.0",
              "default": true
            }
          ],
          "store_path": "/nix/store/dqj7agwyi9h11hd3775dnn66lzi5w8x2-gotestsum-1.11.0"
        },
        "x86_64-darwin": {
          "outputs": [
            {
              "name": "out",
              "path": "/nix/store/f5dph9gaf4d1xni7ysdvr76i86b8p85l-gotestsum-1.11.0",
              "default": true
            }
          ],
          "store_path": "/nix/store/f5dph9gaf4d1xni7ysdvr76i86b8p85l-gotestsum-1.11.0"
        },
        "x86_64-linux": {
          "outputs": [
            {
              "name": "out",
              "path": "/nix/store/d6wki0gr4y5b3442x496hqbnxbyd16px-gotestsum-1.11.0",
              "default": true
            }
          ],
          "store_path": "/nix/store/d6wki0gr4y5b3442x496hqbnxbyd16px-gotestsum-1.11.0"
        }
      }
    },
    "lefthook@1.6.5": {
      "last_modified": "2024-03-08T13:51:52Z",
      "resolved": "github:NixOS/nixpkgs/a343533bccc62400e8a9560423486a3b6c11a23b#lefthook",
      "source": "devbox-search",
      "version": "1.6.5",
      "systems": {
        "aarch64-darwin": {
          "outputs": [
            {
              "name": "out",
              "path": "/nix/store/8gqlqx5p1xmk6adpdk97vl0iyg5m7h6a-lefthook-1.6.5",
              "default": true
            }
          ],
          "store_path": "/nix/store/8gqlqx5p1xmk6adpdk97vl0iyg5m7h6a-lefthook-1.6.5"
        },
        "aarch64-linux": {
          "outputs": [
            {
              "name": "out",
              "path": "/nix/store/nrlfv2gzkfh5bnh761wz8c57rl00bnhz-lefthook-1.6.5",
              "default": true
            }
          ],
          "store_path": "/nix/store/nrlfv2gzkfh5bnh761wz8c57rl00bnhz-lefthook-1.6.5"
        },
        "x86_64-darwin": {
          "outputs": [
            {
              "name": "out",
              "path": "/nix/store/jgcfbykb5b2jckk5n36r7iwb1mkvjf0r-lefthook-1.6.5",
              "default": true
            }
          ],
          "store_path": "/nix/store/jgcfbykb5b2jckk5n36r7iwb1mkvjf0r-lefthook-1.6.5"
        },
        "x86_64-linux": {
          "outputs": [
            {
              "name": "out",
              "path": "/nix/store/4bhcya57cm93d42xwyvjmryn5w9s2949-lefthook-1.6.5",
              "default": true
            }
          ],
          "store_path": "/nix/store/4bhcya57cm93d42xwyvjmryn5w9s2949-lefthook-1.6.5"
        }
      }
    },
    "mockgen@0.4.0": {
      "last_modified": "2024-10-13T23:44:06Z",
      "resolved": "github:NixOS/nixpkgs/d4f247e89f6e10120f911e2e2d2254a050d0f732#mockgen",
      "source": "devbox-search",
      "version": "0.4.0",
      "systems": {
        "aarch64-darwin": {
          "outputs": [
            {
              "name": "out",
              "path": "/nix/store/jsas3bh1z95xgdninxbh63a8vrrar3i6-mockgen-0.4.0",
              "default": true
            }
          ],
          "store_path": "/nix/store/jsas3bh1z95xgdninxbh63a8vrrar3i6-mockgen-0.4.0"
        },
        "aarch64-linux": {
          "outputs": [
            {
              "name": "out",
              "path": "/nix/store/vp1vghr94f15rzx3hr0gbqh53hwk8612-mockgen-0.4.0",
              "default": true
            }
          ],
          "store_path": "/nix/store/vp1vghr94f15rzx3hr0gbqh53hwk8612-mockgen-0.4.0"
        },
        "x86_64-darwin": {
          "outputs": [
            {
              "name": "out",
              "path": "/nix/store/ar36l493bsqfiqdcl282i1vj23ds7b4z-mockgen-0.4.0",
              "default": true
            }
          ],
          "store_path": "/nix/store/ar36l493bsqfiqdcl282i1vj23ds7b4z-mockgen-0.4.0"
        },
        "x86_64-linux": {
          "outputs": [
            {
              "name": "out",
              "path": "/nix/store/8lc2nv4z53yh1dfr7w9f3i9zxybpdmxz-mockgen-0.4.0",
              "default": true
            }
          ],
          "store_path": "/nix/store/8lc2nv4z53yh1dfr7w9f3i9zxybpdmxz-mockgen-0.4.0"
        }
      }
    }
  }
}
